
Microsoft Visual Studio Solution File, Format Version 12.00
# Visual Studio 15
VisualStudioVersion = 15.0.28307.1259
MinimumVisualStudioVersion = 10.0.40219.1
Project("{FAE04EC0-301F-11D3-BF4B-00C04F79EFBC}") = "ConversaoTemp", "ConversaoTemp\ConversaoTemp.csproj", "{D4F4711C-03B9-49F3-9E59-3F5484578FB4}"
EndProject
Global
	GlobalSection(SolutionConfigurationPlatforms) = preSolution
		Debug|Any CPU = Debug|Any CPU
		Release|Any CPU = Release|Any CPU
	EndGlobalSection
	GlobalSection(ProjectConfigurationPlatforms) = postSolution
		{D4F4711C-03B9-49F3-9E59-3F5484578FB4}.Debug|Any CPU.ActiveCfg = Debug|Any CPU
		{D4F4711C-03B9-49F3-9E59-3F5484578FB4}.Debug|Any CPU.Build.0 = Debug|Any CPU
		{D4F4711C-03B9-49F3-9E59-3F5484578FB4}.Release|Any CPU.ActiveCfg = Release|Any CPU
		{D4F4711C-03B9-49F3-9E59-3F5484578FB4}.Release|Any CPU.Build.0 = Release|Any CPU
	EndGlobalSection
	GlobalSection(SolutionProperties) = preSolution
		HideSolutionNode = FALSE
	EndGlobalSection
	GlobalSection(ExtensibilityGlobals) = postSolution
		SolutionGuid = {183AD872-6092-45B1-BF54-8608A41DF0AC}
	EndGlobalSection
EndGlobal
