
Microsoft Visual Studio Solution File, Format Version 12.00
# Visual Studio 15
VisualStudioVersion = 15.0.28307.1259
MinimumVisualStudioVersion = 10.0.40219.1
Project("{FAE04EC0-301F-11D3-BF4B-00C04F79EFBC}") = "CalcLitrosUsados", "CalcLitrosUsados\CalcLitrosUsados.csproj", "{B2C8EE35-4223-4878-9542-8A3C4E831558}"
EndProject
Global
	GlobalSection(SolutionConfigurationPlatforms) = preSolution
		Debug|Any CPU = Debug|Any CPU
		Release|Any CPU = Release|Any CPU
	EndGlobalSection
	GlobalSection(ProjectConfigurationPlatforms) = postSolution
		{B2C8EE35-4223-4878-9542-8A3C4E831558}.Debug|Any CPU.ActiveCfg = Debug|Any CPU
		{B2C8EE35-4223-4878-9542-8A3C4E831558}.Debug|Any CPU.Build.0 = Debug|Any CPU
		{B2C8EE35-4223-4878-9542-8A3C4E831558}.Release|Any CPU.ActiveCfg = Release|Any CPU
		{B2C8EE35-4223-4878-9542-8A3C4E831558}.Release|Any CPU.Build.0 = Release|Any CPU
	EndGlobalSection
	GlobalSection(SolutionProperties) = preSolution
		HideSolutionNode = FALSE
	EndGlobalSection
	GlobalSection(ExtensibilityGlobals) = postSolution
		SolutionGuid = {6A9E2EBD-F98A-44D3-9110-814EC9DF4A5C}
	EndGlobalSection
EndGlobal
