
Microsoft Visual Studio Solution File, Format Version 12.00
# Visual Studio 15
VisualStudioVersion = 15.0.28307.1259
MinimumVisualStudioVersion = 10.0.40219.1
Project("{FAE04EC0-301F-11D3-BF4B-00C04F79EFBC}") = "CalcMoeda", "CalcMoeda\CalcMoeda.csproj", "{C6143941-46F9-453B-B855-A366DCBBFF15}"
EndProject
Global
	GlobalSection(SolutionConfigurationPlatforms) = preSolution
		Debug|Any CPU = Debug|Any CPU
		Release|Any CPU = Release|Any CPU
	EndGlobalSection
	GlobalSection(ProjectConfigurationPlatforms) = postSolution
		{C6143941-46F9-453B-B855-A366DCBBFF15}.Debug|Any CPU.ActiveCfg = Debug|Any CPU
		{C6143941-46F9-453B-B855-A366DCBBFF15}.Debug|Any CPU.Build.0 = Debug|Any CPU
		{C6143941-46F9-453B-B855-A366DCBBFF15}.Release|Any CPU.ActiveCfg = Release|Any CPU
		{C6143941-46F9-453B-B855-A366DCBBFF15}.Release|Any CPU.Build.0 = Release|Any CPU
	EndGlobalSection
	GlobalSection(SolutionProperties) = preSolution
		HideSolutionNode = FALSE
	EndGlobalSection
	GlobalSection(ExtensibilityGlobals) = postSolution
		SolutionGuid = {347A09E3-B38B-462F-A0A3-F824F97C5CA6}
	EndGlobalSection
EndGlobal
